
Microsoft Visual Studio Solution File, Format Version 12.00
# Visual Studio 2013
VisualStudioVersion = 12.0.31101.0
MinimumVisualStudioVersion = 10.0.40219.1
Project("{FAE04EC0-301F-11D3-BF4B-00C04F79EFBC}") = "Mancala", "Mancala\Mancala.csproj", "{7BB18922-1D7E-4055-8A83-22A10FBD727E}"
EndProject
Project("{FAE04EC0-301F-11D3-BF4B-00C04F79EFBC}") = "Mancala.Tests", "Mancala.Tests\Mancala.Tests.csproj", "{C80C6859-EC78-438C-9BBB-38F6240987B0}"
EndProject
Global
	GlobalSection(SolutionConfigurationPlatforms) = preSolution
		Debug|Any CPU = Debug|Any CPU
		Release|Any CPU = Release|Any CPU
	EndGlobalSection
	GlobalSection(ProjectConfigurationPlatforms) = postSolution
		{7BB18922-1D7E-4055-8A83-22A10FBD727E}.Debug|Any CPU.ActiveCfg = Debug|Any CPU
		{7BB18922-1D7E-4055-8A83-22A10FBD727E}.Debug|Any CPU.Build.0 = Debug|Any CPU
		{7BB18922-1D7E-4055-8A83-22A10FBD727E}.Release|Any CPU.ActiveCfg = Release|Any CPU
		{7BB18922-1D7E-4055-8A83-22A10FBD727E}.Release|Any CPU.Build.0 = Release|Any CPU
		{C80C6859-EC78-438C-9BBB-38F6240987B0}.Debug|Any CPU.ActiveCfg = Debug|Any CPU
		{C80C6859-EC78-438C-9BBB-38F6240987B0}.Debug|Any CPU.Build.0 = Debug|Any CPU
		{C80C6859-EC78-438C-9BBB-38F6240987B0}.Release|Any CPU.ActiveCfg = Release|Any CPU
		{C80C6859-EC78-438C-9BBB-38F6240987B0}.Release|Any CPU.Build.0 = Release|Any CPU
	EndGlobalSection
	GlobalSection(SolutionProperties) = preSolution
		HideSolutionNode = FALSE
	EndGlobalSection
EndGlobal
